
Microsoft Visual Studio Solution File, Format Version 12.00
Project("{FAE04EC0-301F-11D3-BF4B-00C04F79EFBC}") = "APIAPPLayer", "APIAPPLayer\APIAPPLayer.csproj", "{AF420403-E9DC-4EEC-9727-C5F0FB5CA9B6}"
EndProject
Project("{FAE04EC0-301F-11D3-BF4B-00C04F79EFBC}") = "BLL1", "BLL1\BLL1.csproj", "{3E2959BA-2FC9-46B4-8E52-6C27FB1AFFD2}"
EndProject
Project("{FAE04EC0-301F-11D3-BF4B-00C04F79EFBC}") = "DLL1", "DLL1\DLL1.csproj", "{AD3DC344-0EE9-4885-8A66-7705890C0EF4}"
EndProject
Global
	GlobalSection(SolutionConfigurationPlatforms) = preSolution
		Debug|Any CPU = Debug|Any CPU
		Release|Any CPU = Release|Any CPU
	EndGlobalSection
	GlobalSection(ProjectConfigurationPlatforms) = postSolution
		{AF420403-E9DC-4EEC-9727-C5F0FB5CA9B6}.Debug|Any CPU.ActiveCfg = Debug|Any CPU
		{AF420403-E9DC-4EEC-9727-C5F0FB5CA9B6}.Debug|Any CPU.Build.0 = Debug|Any CPU
		{AF420403-E9DC-4EEC-9727-C5F0FB5CA9B6}.Release|Any CPU.ActiveCfg = Release|Any CPU
		{AF420403-E9DC-4EEC-9727-C5F0FB5CA9B6}.Release|Any CPU.Build.0 = Release|Any CPU
		{3E2959BA-2FC9-46B4-8E52-6C27FB1AFFD2}.Debug|Any CPU.ActiveCfg = Debug|Any CPU
		{3E2959BA-2FC9-46B4-8E52-6C27FB1AFFD2}.Debug|Any CPU.Build.0 = Debug|Any CPU
		{3E2959BA-2FC9-46B4-8E52-6C27FB1AFFD2}.Release|Any CPU.ActiveCfg = Release|Any CPU
		{3E2959BA-2FC9-46B4-8E52-6C27FB1AFFD2}.Release|Any CPU.Build.0 = Release|Any CPU
		{AD3DC344-0EE9-4885-8A66-7705890C0EF4}.Debug|Any CPU.ActiveCfg = Debug|Any CPU
		{AD3DC344-0EE9-4885-8A66-7705890C0EF4}.Debug|Any CPU.Build.0 = Debug|Any CPU
		{AD3DC344-0EE9-4885-8A66-7705890C0EF4}.Release|Any CPU.ActiveCfg = Release|Any CPU
		{AD3DC344-0EE9-4885-8A66-7705890C0EF4}.Release|Any CPU.Build.0 = Release|Any CPU
	EndGlobalSection
EndGlobal
